
Microsoft Visual Studio Solution File, Format Version 12.00
# Visual Studio Version 17
VisualStudioVersion = 17.0.31903.59
MinimumVisualStudioVersion = 10.0.40219.1
Project("{FAE04EC0-301F-11D3-BF4B-00C04F79EFBC}") = "Core", "Core\Core.csproj", "{E603C2ED-9814-492A-A587-8B27CA4FD538}"
EndProject
Project("{2150E333-8FDC-42A3-9474-1A3956D46DE8}") = "Tests", "Tests", "{0AB3BF05-4346-4AA6-1389-037BE0695223}"
EndProject
Project("{FAE04EC0-301F-11D3-BF4B-00C04F79EFBC}") = "Core.Tests", "Tests\Core.Tests\Core.Tests.csproj", "{281A29DB-B214-4C69-B27F-FA6BE6547308}"
EndProject
Project("{FAE04EC0-301F-11D3-BF4B-00C04F79EFBC}") = "Games.PatternMemory.Tests", "Tests\Games.PatternMemory.Tests\Games.PatternMemory.Tests.csproj", "{DFEB07F0-FF03-40C1-93F8-A6EA99F9A8C9}"
EndProject
Project("{2150E333-8FDC-42A3-9474-1A3956D46DE8}") = "Games", "Games", "{04252BA6-B404-FD3B-81B5-D989EEE58EED}"
EndProject
Project("{2150E333-8FDC-42A3-9474-1A3956D46DE8}") = "PatternMemory", "PatternMemory", "{FEAC55C8-469C-A62D-8E4A-43F17811820D}"
EndProject
Project("{FAE04EC0-301F-11D3-BF4B-00C04F79EFBC}") = "PatternMemoryGame", "Games\PatternMemory\PatternMemoryGame.csproj", "{EC5EB24E-1AB6-4AE3-A44C-A0BCAA0F242B}"
EndProject
Project("{2150E333-8FDC-42A3-9474-1A3956D46DE8}") = "Minesweeper", "Minesweeper", "{B8B3E408-F5AB-9FAC-8239-68FFAA2CA265}"
EndProject
Project("{FAE04EC0-301F-11D3-BF4B-00C04F79EFBC}") = "MinesweeperGame", "Games\Minesweeper\MinesweeperGame.csproj", "{A27601D1-22AE-4238-8F4F-4F4BA38C1A9E}"
EndProject
Project("{FAE04EC0-301F-11D3-BF4B-00C04F79EFBC}") = "Games.Minesweeper.Tests", "Tests\Games.Minesweeper.Tests\Games.Minesweeper.Tests.csproj", "{CCEE61E2-2C60-4321-8C56-F37E52C9806B}"
EndProject
Project("{2150E333-8FDC-42A3-9474-1A3956D46DE8}") = "Sudoku", "Sudoku", "{AF79631B-6979-48B3-4E61-70AC597D338A}"
EndProject
Project("{FAE04EC0-301F-11D3-BF4B-00C04F79EFBC}") = "SudokuGame", "Games\Sudoku\SudokuGame.csproj", "{57CCC102-9AC9-4351-98D0-4190B8B5D7B8}"
EndProject
Project("{FAE04EC0-301F-11D3-BF4B-00C04F79EFBC}") = "Games.Sudoku.Tests", "Tests\Games.Sudoku.Tests\Games.Sudoku.Tests.csproj", "{58568467-1447-497B-BBAE-6865228447D7}"
EndProject
Project("{2150E333-8FDC-42A3-9474-1A3956D46DE8}") = "Tetris", "Tetris", "{080E9178-4BC8-FFD1-BB36-1571437BB8DA}"
EndProject
Project("{FAE04EC0-301F-11D3-BF4B-00C04F79EFBC}") = "TetrisGame", "Games\Tetris\TetrisGame.csproj", "{944AE304-82F0-415D-BF78-DC2C3157E30B}"
EndProject
Project("{FAE04EC0-301F-11D3-BF4B-00C04F79EFBC}") = "Games.Tetris.Tests", "Tests\Games.Tetris.Tests\Games.Tetris.Tests.csproj", "{B6DF0455-E758-4178-BE3A-98E1CF88EEFA}"
EndProject
Project("{2150E333-8FDC-42A3-9474-1A3956D46DE8}") = "Gomoku", "Gomoku", "{CF1D91C8-1355-563E-5AE4-DF672FCA8E0D}"
EndProject
Project("{FAE04EC0-301F-11D3-BF4B-00C04F79EFBC}") = "GomokuGame", "Games\Gomoku\GomokuGame.csproj", "{5A9D4D25-8901-4685-95C2-E777BA6B66A6}"
EndProject
Project("{FAE04EC0-301F-11D3-BF4B-00C04F79EFBC}") = "Games.Gomoku.Tests", "Tests\Games.Gomoku.Tests\Games.Gomoku.Tests.csproj", "{A4893CF0-67FF-467E-92C5-04A1EA0A0372}"
EndProject
Project("{2150E333-8FDC-42A3-9474-1A3956D46DE8}") = "Chess", "Chess", "{94326BD1-4CC3-6164-F5B1-EC0EB23B6442}"
EndProject
Project("{FAE04EC0-301F-11D3-BF4B-00C04F79EFBC}") = "ChessGame", "Games\Chess\ChessGame.csproj", "{BBE453B8-DCC9-4727-BE81-FEB6E19441DB}"
EndProject
Project("{FAE04EC0-301F-11D3-BF4B-00C04F79EFBC}") = "Games.Chess.Tests", "Tests\Games.Chess.Tests\Games.Chess.Tests.csproj", "{4EEC273A-8474-4C9E-85E2-103D7171B633}"
EndProject
Project("{FAE04EC0-301F-11D3-BF4B-00C04F79EFBC}") = "MiniGameCollection.Web", "MiniGameCollection.Web\MiniGameCollection.Web.csproj", "{DF6DABBC-48D2-41AE-8CE8-E2396A128DF4}"
EndProject
Global
	GlobalSection(SolutionConfigurationPlatforms) = preSolution
		Debug|Any CPU = Debug|Any CPU
		Debug|x64 = Debug|x64
		Debug|x86 = Debug|x86
		Release|Any CPU = Release|Any CPU
		Release|x64 = Release|x64
		Release|x86 = Release|x86
	EndGlobalSection
	GlobalSection(ProjectConfigurationPlatforms) = postSolution
		{E603C2ED-9814-492A-A587-8B27CA4FD538}.Debug|Any CPU.ActiveCfg = Debug|Any CPU
		{E603C2ED-9814-492A-A587-8B27CA4FD538}.Debug|Any CPU.Build.0 = Debug|Any CPU
		{E603C2ED-9814-492A-A587-8B27CA4FD538}.Debug|x64.ActiveCfg = Debug|Any CPU
		{E603C2ED-9814-492A-A587-8B27CA4FD538}.Debug|x64.Build.0 = Debug|Any CPU
		{E603C2ED-9814-492A-A587-8B27CA4FD538}.Debug|x86.ActiveCfg = Debug|Any CPU
		{E603C2ED-9814-492A-A587-8B27CA4FD538}.Debug|x86.Build.0 = Debug|Any CPU
		{E603C2ED-9814-492A-A587-8B27CA4FD538}.Release|Any CPU.ActiveCfg = Release|Any CPU
		{E603C2ED-9814-492A-A587-8B27CA4FD538}.Release|Any CPU.Build.0 = Release|Any CPU
		{E603C2ED-9814-492A-A587-8B27CA4FD538}.Release|x64.ActiveCfg = Release|Any CPU
		{E603C2ED-9814-492A-A587-8B27CA4FD538}.Release|x64.Build.0 = Release|Any CPU
		{E603C2ED-9814-492A-A587-8B27CA4FD538}.Release|x86.ActiveCfg = Release|Any CPU
		{E603C2ED-9814-492A-A587-8B27CA4FD538}.Release|x86.Build.0 = Release|Any CPU
		{281A29DB-B214-4C69-B27F-FA6BE6547308}.Debug|Any CPU.ActiveCfg = Debug|Any CPU
		{281A29DB-B214-4C69-B27F-FA6BE6547308}.Debug|Any CPU.Build.0 = Debug|Any CPU
		{281A29DB-B214-4C69-B27F-FA6BE6547308}.Debug|x64.ActiveCfg = Debug|Any CPU
		{281A29DB-B214-4C69-B27F-FA6BE6547308}.Debug|x64.Build.0 = Debug|Any CPU
		{281A29DB-B214-4C69-B27F-FA6BE6547308}.Debug|x86.ActiveCfg = Debug|Any CPU
		{281A29DB-B214-4C69-B27F-FA6BE6547308}.Debug|x86.Build.0 = Debug|Any CPU
		{281A29DB-B214-4C69-B27F-FA6BE6547308}.Release|Any CPU.ActiveCfg = Release|Any CPU
		{281A29DB-B214-4C69-B27F-FA6BE6547308}.Release|Any CPU.Build.0 = Release|Any CPU
		{281A29DB-B214-4C69-B27F-FA6BE6547308}.Release|x64.ActiveCfg = Release|Any CPU
		{281A29DB-B214-4C69-B27F-FA6BE6547308}.Release|x64.Build.0 = Release|Any CPU
		{281A29DB-B214-4C69-B27F-FA6BE6547308}.Release|x86.ActiveCfg = Release|Any CPU
		{281A29DB-B214-4C69-B27F-FA6BE6547308}.Release|x86.Build.0 = Release|Any CPU
		{DFEB07F0-FF03-40C1-93F8-A6EA99F9A8C9}.Debug|Any CPU.ActiveCfg = Debug|Any CPU
		{DFEB07F0-FF03-40C1-93F8-A6EA99F9A8C9}.Debug|Any CPU.Build.0 = Debug|Any CPU
		{DFEB07F0-FF03-40C1-93F8-A6EA99F9A8C9}.Debug|x64.ActiveCfg = Debug|Any CPU
		{DFEB07F0-FF03-40C1-93F8-A6EA99F9A8C9}.Debug|x64.Build.0 = Debug|Any CPU
		{DFEB07F0-FF03-40C1-93F8-A6EA99F9A8C9}.Debug|x86.ActiveCfg = Debug|Any CPU
		{DFEB07F0-FF03-40C1-93F8-A6EA99F9A8C9}.Debug|x86.Build.0 = Debug|Any CPU
		{DFEB07F0-FF03-40C1-93F8-A6EA99F9A8C9}.Release|Any CPU.ActiveCfg = Release|Any CPU
		{DFEB07F0-FF03-40C1-93F8-A6EA99F9A8C9}.Release|Any CPU.Build.0 = Release|Any CPU
		{DFEB07F0-FF03-40C1-93F8-A6EA99F9A8C9}.Release|x64.ActiveCfg = Release|Any CPU
		{DFEB07F0-FF03-40C1-93F8-A6EA99F9A8C9}.Release|x64.Build.0 = Release|Any CPU
		{DFEB07F0-FF03-40C1-93F8-A6EA99F9A8C9}.Release|x86.ActiveCfg = Release|Any CPU
		{DFEB07F0-FF03-40C1-93F8-A6EA99F9A8C9}.Release|x86.Build.0 = Release|Any CPU
		{EC5EB24E-1AB6-4AE3-A44C-A0BCAA0F242B}.Debug|Any CPU.ActiveCfg = Debug|Any CPU
		{EC5EB24E-1AB6-4AE3-A44C-A0BCAA0F242B}.Debug|Any CPU.Build.0 = Debug|Any CPU
		{EC5EB24E-1AB6-4AE3-A44C-A0BCAA0F242B}.Debug|x64.ActiveCfg = Debug|Any CPU
		{EC5EB24E-1AB6-4AE3-A44C-A0BCAA0F242B}.Debug|x64.Build.0 = Debug|Any CPU
		{EC5EB24E-1AB6-4AE3-A44C-A0BCAA0F242B}.Debug|x86.ActiveCfg = Debug|Any CPU
		{EC5EB24E-1AB6-4AE3-A44C-A0BCAA0F242B}.Debug|x86.Build.0 = Debug|Any CPU
		{EC5EB24E-1AB6-4AE3-A44C-A0BCAA0F242B}.Release|Any CPU.ActiveCfg = Release|Any CPU
		{EC5EB24E-1AB6-4AE3-A44C-A0BCAA0F242B}.Release|Any CPU.Build.0 = Release|Any CPU
		{EC5EB24E-1AB6-4AE3-A44C-A0BCAA0F242B}.Release|x64.ActiveCfg = Release|Any CPU
		{EC5EB24E-1AB6-4AE3-A44C-A0BCAA0F242B}.Release|x64.Build.0 = Release|Any CPU
		{EC5EB24E-1AB6-4AE3-A44C-A0BCAA0F242B}.Release|x86.ActiveCfg = Release|Any CPU
		{EC5EB24E-1AB6-4AE3-A44C-A0BCAA0F242B}.Release|x86.Build.0 = Release|Any CPU
		{A27601D1-22AE-4238-8F4F-4F4BA38C1A9E}.Debug|Any CPU.ActiveCfg = Debug|Any CPU
		{A27601D1-22AE-4238-8F4F-4F4BA38C1A9E}.Debug|Any CPU.Build.0 = Debug|Any CPU
		{A27601D1-22AE-4238-8F4F-4F4BA38C1A9E}.Debug|x64.ActiveCfg = Debug|Any CPU
		{A27601D1-22AE-4238-8F4F-4F4BA38C1A9E}.Debug|x64.Build.0 = Debug|Any CPU
		{A27601D1-22AE-4238-8F4F-4F4BA38C1A9E}.Debug|x86.ActiveCfg = Debug|Any CPU
		{A27601D1-22AE-4238-8F4F-4F4BA38C1A9E}.Debug|x86.Build.0 = Debug|Any CPU
		{A27601D1-22AE-4238-8F4F-4F4BA38C1A9E}.Release|Any CPU.ActiveCfg = Release|Any CPU
		{A27601D1-22AE-4238-8F4F-4F4BA38C1A9E}.Release|Any CPU.Build.0 = Release|Any CPU
		{A27601D1-22AE-4238-8F4F-4F4BA38C1A9E}.Release|x64.ActiveCfg = Release|Any CPU
		{A27601D1-22AE-4238-8F4F-4F4BA38C1A9E}.Release|x64.Build.0 = Release|Any CPU
		{A27601D1-22AE-4238-8F4F-4F4BA38C1A9E}.Release|x86.ActiveCfg = Release|Any CPU
		{A27601D1-22AE-4238-8F4F-4F4BA38C1A9E}.Release|x86.Build.0 = Release|Any CPU
		{CCEE61E2-2C60-4321-8C56-F37E52C9806B}.Debug|Any CPU.ActiveCfg = Debug|Any CPU
		{CCEE61E2-2C60-4321-8C56-F37E52C9806B}.Debug|Any CPU.Build.0 = Debug|Any CPU
		{CCEE61E2-2C60-4321-8C56-F37E52C9806B}.Debug|x64.ActiveCfg = Debug|Any CPU
		{CCEE61E2-2C60-4321-8C56-F37E52C9806B}.Debug|x64.Build.0 = Debug|Any CPU
		{CCEE61E2-2C60-4321-8C56-F37E52C9806B}.Debug|x86.ActiveCfg = Debug|Any CPU
		{CCEE61E2-2C60-4321-8C56-F37E52C9806B}.Debug|x86.Build.0 = Debug|Any CPU
		{CCEE61E2-2C60-4321-8C56-F37E52C9806B}.Release|Any CPU.ActiveCfg = Release|Any CPU
		{CCEE61E2-2C60-4321-8C56-F37E52C9806B}.Release|Any CPU.Build.0 = Release|Any CPU
		{CCEE61E2-2C60-4321-8C56-F37E52C9806B}.Release|x64.ActiveCfg = Release|Any CPU
		{CCEE61E2-2C60-4321-8C56-F37E52C9806B}.Release|x64.Build.0 = Release|Any CPU
		{CCEE61E2-2C60-4321-8C56-F37E52C9806B}.Release|x86.ActiveCfg = Release|Any CPU
		{CCEE61E2-2C60-4321-8C56-F37E52C9806B}.Release|x86.Build.0 = Release|Any CPU
		{57CCC102-9AC9-4351-98D0-4190B8B5D7B8}.Debug|Any CPU.ActiveCfg = Debug|Any CPU
		{57CCC102-9AC9-4351-98D0-4190B8B5D7B8}.Debug|Any CPU.Build.0 = Debug|Any CPU
		{57CCC102-9AC9-4351-98D0-4190B8B5D7B8}.Debug|x64.ActiveCfg = Debug|Any CPU
		{57CCC102-9AC9-4351-98D0-4190B8B5D7B8}.Debug|x64.Build.0 = Debug|Any CPU
		{57CCC102-9AC9-4351-98D0-4190B8B5D7B8}.Debug|x86.ActiveCfg = Debug|Any CPU
		{57CCC102-9AC9-4351-98D0-4190B8B5D7B8}.Debug|x86.Build.0 = Debug|Any CPU
		{57CCC102-9AC9-4351-98D0-4190B8B5D7B8}.Release|Any CPU.ActiveCfg = Release|Any CPU
		{57CCC102-9AC9-4351-98D0-4190B8B5D7B8}.Release|Any CPU.Build.0 = Release|Any CPU
		{57CCC102-9AC9-4351-98D0-4190B8B5D7B8}.Release|x64.ActiveCfg = Release|Any CPU
		{57CCC102-9AC9-4351-98D0-4190B8B5D7B8}.Release|x64.Build.0 = Release|Any CPU
		{57CCC102-9AC9-4351-98D0-4190B8B5D7B8}.Release|x86.ActiveCfg = Release|Any CPU
		{57CCC102-9AC9-4351-98D0-4190B8B5D7B8}.Release|x86.Build.0 = Release|Any CPU
		{58568467-1447-497B-BBAE-6865228447D7}.Debug|Any CPU.ActiveCfg = Debug|Any CPU
		{58568467-1447-497B-BBAE-6865228447D7}.Debug|Any CPU.Build.0 = Debug|Any CPU
		{58568467-1447-497B-BBAE-6865228447D7}.Debug|x64.ActiveCfg = Debug|Any CPU
		{58568467-1447-497B-BBAE-6865228447D7}.Debug|x64.Build.0 = Debug|Any CPU
		{58568467-1447-497B-BBAE-6865228447D7}.Debug|x86.ActiveCfg = Debug|Any CPU
		{58568467-1447-497B-BBAE-6865228447D7}.Debug|x86.Build.0 = Debug|Any CPU
		{58568467-1447-497B-BBAE-6865228447D7}.Release|Any CPU.ActiveCfg = Release|Any CPU
		{58568467-1447-497B-BBAE-6865228447D7}.Release|Any CPU.Build.0 = Release|Any CPU
		{58568467-1447-497B-BBAE-6865228447D7}.Release|x64.ActiveCfg = Release|Any CPU
		{58568467-1447-497B-BBAE-6865228447D7}.Release|x64.Build.0 = Release|Any CPU
		{58568467-1447-497B-BBAE-6865228447D7}.Release|x86.ActiveCfg = Release|Any CPU
		{58568467-1447-497B-BBAE-6865228447D7}.Release|x86.Build.0 = Release|Any CPU
		{944AE304-82F0-415D-BF78-DC2C3157E30B}.Debug|Any CPU.ActiveCfg = Debug|Any CPU
		{944AE304-82F0-415D-BF78-DC2C3157E30B}.Debug|Any CPU.Build.0 = Debug|Any CPU
		{944AE304-82F0-415D-BF78-DC2C3157E30B}.Debug|x64.ActiveCfg = Debug|Any CPU
		{944AE304-82F0-415D-BF78-DC2C3157E30B}.Debug|x64.Build.0 = Debug|Any CPU
		{944AE304-82F0-415D-BF78-DC2C3157E30B}.Debug|x86.ActiveCfg = Debug|Any CPU
		{944AE304-82F0-415D-BF78-DC2C3157E30B}.Debug|x86.Build.0 = Debug|Any CPU
		{944AE304-82F0-415D-BF78-DC2C3157E30B}.Release|Any CPU.ActiveCfg = Release|Any CPU
		{944AE304-82F0-415D-BF78-DC2C3157E30B}.Release|Any CPU.Build.0 = Release|Any CPU
		{944AE304-82F0-415D-BF78-DC2C3157E30B}.Release|x64.ActiveCfg = Release|Any CPU
		{944AE304-82F0-415D-BF78-DC2C3157E30B}.Release|x64.Build.0 = Release|Any CPU
		{944AE304-82F0-415D-BF78-DC2C3157E30B}.Release|x86.ActiveCfg = Release|Any CPU
		{944AE304-82F0-415D-BF78-DC2C3157E30B}.Release|x86.Build.0 = Release|Any CPU
		{B6DF0455-E758-4178-BE3A-98E1CF88EEFA}.Debug|Any CPU.ActiveCfg = Debug|Any CPU
		{B6DF0455-E758-4178-BE3A-98E1CF88EEFA}.Debug|Any CPU.Build.0 = Debug|Any CPU
		{B6DF0455-E758-4178-BE3A-98E1CF88EEFA}.Debug|x64.ActiveCfg = Debug|Any CPU
		{B6DF0455-E758-4178-BE3A-98E1CF88EEFA}.Debug|x64.Build.0 = Debug|Any CPU
		{B6DF0455-E758-4178-BE3A-98E1CF88EEFA}.Debug|x86.ActiveCfg = Debug|Any CPU
		{B6DF0455-E758-4178-BE3A-98E1CF88EEFA}.Debug|x86.Build.0 = Debug|Any CPU
		{B6DF0455-E758-4178-BE3A-98E1CF88EEFA}.Release|Any CPU.ActiveCfg = Release|Any CPU
		{B6DF0455-E758-4178-BE3A-98E1CF88EEFA}.Release|Any CPU.Build.0 = Release|Any CPU
		{B6DF0455-E758-4178-BE3A-98E1CF88EEFA}.Release|x64.ActiveCfg = Release|Any CPU
		{B6DF0455-E758-4178-BE3A-98E1CF88EEFA}.Release|x64.Build.0 = Release|Any CPU
		{B6DF0455-E758-4178-BE3A-98E1CF88EEFA}.Release|x86.ActiveCfg = Release|Any CPU
		{B6DF0455-E758-4178-BE3A-98E1CF88EEFA}.Release|x86.Build.0 = Release|Any CPU
		{5A9D4D25-8901-4685-95C2-E777BA6B66A6}.Debug|Any CPU.ActiveCfg = Debug|Any CPU
		{5A9D4D25-8901-4685-95C2-E777BA6B66A6}.Debug|Any CPU.Build.0 = Debug|Any CPU
		{5A9D4D25-8901-4685-95C2-E777BA6B66A6}.Debug|x64.ActiveCfg = Debug|Any CPU
		{5A9D4D25-8901-4685-95C2-E777BA6B66A6}.Debug|x64.Build.0 = Debug|Any CPU
		{5A9D4D25-8901-4685-95C2-E777BA6B66A6}.Debug|x86.ActiveCfg = Debug|Any CPU
		{5A9D4D25-8901-4685-95C2-E777BA6B66A6}.Debug|x86.Build.0 = Debug|Any CPU
		{5A9D4D25-8901-4685-95C2-E777BA6B66A6}.Release|Any CPU.ActiveCfg = Release|Any CPU
		{5A9D4D25-8901-4685-95C2-E777BA6B66A6}.Release|Any CPU.Build.0 = Release|Any CPU
		{5A9D4D25-8901-4685-95C2-E777BA6B66A6}.Release|x64.ActiveCfg = Release|Any CPU
		{5A9D4D25-8901-4685-95C2-E777BA6B66A6}.Release|x64.Build.0 = Release|Any CPU
		{5A9D4D25-8901-4685-95C2-E777BA6B66A6}.Release|x86.ActiveCfg = Release|Any CPU
		{5A9D4D25-8901-4685-95C2-E777BA6B66A6}.Release|x86.Build.0 = Release|Any CPU
		{A4893CF0-67FF-467E-92C5-04A1EA0A0372}.Debug|Any CPU.ActiveCfg = Debug|Any CPU
		{A4893CF0-67FF-467E-92C5-04A1EA0A0372}.Debug|Any CPU.Build.0 = Debug|Any CPU
		{A4893CF0-67FF-467E-92C5-04A1EA0A0372}.Debug|x64.ActiveCfg = Debug|Any CPU
		{A4893CF0-67FF-467E-92C5-04A1EA0A0372}.Debug|x64.Build.0 = Debug|Any CPU
		{A4893CF0-67FF-467E-92C5-04A1EA0A0372}.Debug|x86.ActiveCfg = Debug|Any CPU
		{A4893CF0-67FF-467E-92C5-04A1EA0A0372}.Debug|x86.Build.0 = Debug|Any CPU
		{A4893CF0-67FF-467E-92C5-04A1EA0A0372}.Release|Any CPU.ActiveCfg = Release|Any CPU
		{A4893CF0-67FF-467E-92C5-04A1EA0A0372}.Release|Any CPU.Build.0 = Release|Any CPU
		{A4893CF0-67FF-467E-92C5-04A1EA0A0372}.Release|x64.ActiveCfg = Release|Any CPU
		{A4893CF0-67FF-467E-92C5-04A1EA0A0372}.Release|x64.Build.0 = Release|Any CPU
		{A4893CF0-67FF-467E-92C5-04A1EA0A0372}.Release|x86.ActiveCfg = Release|Any CPU
		{A4893CF0-67FF-467E-92C5-04A1EA0A0372}.Release|x86.Build.0 = Release|Any CPU
		{BBE453B8-DCC9-4727-BE81-FEB6E19441DB}.Debug|Any CPU.ActiveCfg = Debug|Any CPU
		{BBE453B8-DCC9-4727-BE81-FEB6E19441DB}.Debug|Any CPU.Build.0 = Debug|Any CPU
		{BBE453B8-DCC9-4727-BE81-FEB6E19441DB}.Debug|x64.ActiveCfg = Debug|Any CPU
		{BBE453B8-DCC9-4727-BE81-FEB6E19441DB}.Debug|x64.Build.0 = Debug|Any CPU
		{BBE453B8-DCC9-4727-BE81-FEB6E19441DB}.Debug|x86.ActiveCfg = Debug|Any CPU
		{BBE453B8-DCC9-4727-BE81-FEB6E19441DB}.Debug|x86.Build.0 = Debug|Any CPU
		{BBE453B8-DCC9-4727-BE81-FEB6E19441DB}.Release|Any CPU.ActiveCfg = Release|Any CPU
		{BBE453B8-DCC9-4727-BE81-FEB6E19441DB}.Release|Any CPU.Build.0 = Release|Any CPU
		{BBE453B8-DCC9-4727-BE81-FEB6E19441DB}.Release|x64.ActiveCfg = Release|Any CPU
		{BBE453B8-DCC9-4727-BE81-FEB6E19441DB}.Release|x64.Build.0 = Release|Any CPU
		{BBE453B8-DCC9-4727-BE81-FEB6E19441DB}.Release|x86.ActiveCfg = Release|Any CPU
		{BBE453B8-DCC9-4727-BE81-FEB6E19441DB}.Release|x86.Build.0 = Release|Any CPU
		{4EEC273A-8474-4C9E-85E2-103D7171B633}.Debug|Any CPU.ActiveCfg = Debug|Any CPU
		{4EEC273A-8474-4C9E-85E2-103D7171B633}.Debug|Any CPU.Build.0 = Debug|Any CPU
		{4EEC273A-8474-4C9E-85E2-103D7171B633}.Debug|x64.ActiveCfg = Debug|Any CPU
		{4EEC273A-8474-4C9E-85E2-103D7171B633}.Debug|x64.Build.0 = Debug|Any CPU
		{4EEC273A-8474-4C9E-85E2-103D7171B633}.Debug|x86.ActiveCfg = Debug|Any CPU
		{4EEC273A-8474-4C9E-85E2-103D7171B633}.Debug|x86.Build.0 = Debug|Any CPU
		{4EEC273A-8474-4C9E-85E2-103D7171B633}.Release|Any CPU.ActiveCfg = Release|Any CPU
		{4EEC273A-8474-4C9E-85E2-103D7171B633}.Release|Any CPU.Build.0 = Release|Any CPU
		{4EEC273A-8474-4C9E-85E2-103D7171B633}.Release|x64.ActiveCfg = Release|Any CPU
		{4EEC273A-8474-4C9E-85E2-103D7171B633}.Release|x64.Build.0 = Release|Any CPU
		{4EEC273A-8474-4C9E-85E2-103D7171B633}.Release|x86.ActiveCfg = Release|Any CPU
		{4EEC273A-8474-4C9E-85E2-103D7171B633}.Release|x86.Build.0 = Release|Any CPU
		{DF6DABBC-48D2-41AE-8CE8-E2396A128DF4}.Debug|Any CPU.ActiveCfg = Debug|Any CPU
		{DF6DABBC-48D2-41AE-8CE8-E2396A128DF4}.Debug|Any CPU.Build.0 = Debug|Any CPU
		{DF6DABBC-48D2-41AE-8CE8-E2396A128DF4}.Debug|x64.ActiveCfg = Debug|Any CPU
		{DF6DABBC-48D2-41AE-8CE8-E2396A128DF4}.Debug|x64.Build.0 = Debug|Any CPU
		{DF6DABBC-48D2-41AE-8CE8-E2396A128DF4}.Debug|x86.ActiveCfg = Debug|Any CPU
		{DF6DABBC-48D2-41AE-8CE8-E2396A128DF4}.Debug|x86.Build.0 = Debug|Any CPU
		{DF6DABBC-48D2-41AE-8CE8-E2396A128DF4}.Release|Any CPU.ActiveCfg = Release|Any CPU
		{DF6DABBC-48D2-41AE-8CE8-E2396A128DF4}.Release|Any CPU.Build.0 = Release|Any CPU
		{DF6DABBC-48D2-41AE-8CE8-E2396A128DF4}.Release|x64.ActiveCfg = Release|Any CPU
		{DF6DABBC-48D2-41AE-8CE8-E2396A128DF4}.Release|x64.Build.0 = Release|Any CPU
		{DF6DABBC-48D2-41AE-8CE8-E2396A128DF4}.Release|x86.ActiveCfg = Release|Any CPU
		{DF6DABBC-48D2-41AE-8CE8-E2396A128DF4}.Release|x86.Build.0 = Release|Any CPU
	EndGlobalSection
	GlobalSection(SolutionProperties) = preSolution
		HideSolutionNode = FALSE
	EndGlobalSection
	GlobalSection(NestedProjects) = preSolution
		{281A29DB-B214-4C69-B27F-FA6BE6547308} = {0AB3BF05-4346-4AA6-1389-037BE0695223}
		{DFEB07F0-FF03-40C1-93F8-A6EA99F9A8C9} = {0AB3BF05-4346-4AA6-1389-037BE0695223}
		{FEAC55C8-469C-A62D-8E4A-43F17811820D} = {04252BA6-B404-FD3B-81B5-D989EEE58EED}
		{EC5EB24E-1AB6-4AE3-A44C-A0BCAA0F242B} = {FEAC55C8-469C-A62D-8E4A-43F17811820D}
		{B8B3E408-F5AB-9FAC-8239-68FFAA2CA265} = {04252BA6-B404-FD3B-81B5-D989EEE58EED}
		{A27601D1-22AE-4238-8F4F-4F4BA38C1A9E} = {B8B3E408-F5AB-9FAC-8239-68FFAA2CA265}
		{CCEE61E2-2C60-4321-8C56-F37E52C9806B} = {0AB3BF05-4346-4AA6-1389-037BE0695223}
		{AF79631B-6979-48B3-4E61-70AC597D338A} = {04252BA6-B404-FD3B-81B5-D989EEE58EED}
		{57CCC102-9AC9-4351-98D0-4190B8B5D7B8} = {AF79631B-6979-48B3-4E61-70AC597D338A}
		{58568467-1447-497B-BBAE-6865228447D7} = {0AB3BF05-4346-4AA6-1389-037BE0695223}
		{080E9178-4BC8-FFD1-BB36-1571437BB8DA} = {04252BA6-B404-FD3B-81B5-D989EEE58EED}
		{944AE304-82F0-415D-BF78-DC2C3157E30B} = {080E9178-4BC8-FFD1-BB36-1571437BB8DA}
		{B6DF0455-E758-4178-BE3A-98E1CF88EEFA} = {0AB3BF05-4346-4AA6-1389-037BE0695223}
		{CF1D91C8-1355-563E-5AE4-DF672FCA8E0D} = {04252BA6-B404-FD3B-81B5-D989EEE58EED}
		{5A9D4D25-8901-4685-95C2-E777BA6B66A6} = {CF1D91C8-1355-563E-5AE4-DF672FCA8E0D}
		{A4893CF0-67FF-467E-92C5-04A1EA0A0372} = {0AB3BF05-4346-4AA6-1389-037BE0695223}
		{94326BD1-4CC3-6164-F5B1-EC0EB23B6442} = {04252BA6-B404-FD3B-81B5-D989EEE58EED}
		{BBE453B8-DCC9-4727-BE81-FEB6E19441DB} = {94326BD1-4CC3-6164-F5B1-EC0EB23B6442}
		{4EEC273A-8474-4C9E-85E2-103D7171B633} = {0AB3BF05-4346-4AA6-1389-037BE0695223}
	EndGlobalSection
EndGlobal
